
Microsoft Visual Studio Solution File, Format Version 12.00
# Visual Studio Version 17
VisualStudioVersion = 17.1.32210.238
MinimumVisualStudioVersion = 10.0.40219.1
Project("{FAE04EC0-301F-11D3-BF4B-00C04F79EFBC}") = "Employee Database v2.0", "Employee Database v2.0\Employee Database v2.0.csproj", "{5AAB1B42-C57F-4440-94B4-EEC78250C70D}"
EndProject
Global
	GlobalSection(SolutionConfigurationPlatforms) = preSolution
		Debug|Any CPU = Debug|Any CPU
		Release|Any CPU = Release|Any CPU
	EndGlobalSection
	GlobalSection(ProjectConfigurationPlatforms) = postSolution
		{5AAB1B42-C57F-4440-94B4-EEC78250C70D}.Debug|Any CPU.ActiveCfg = Debug|Any CPU
		{5AAB1B42-C57F-4440-94B4-EEC78250C70D}.Debug|Any CPU.Build.0 = Debug|Any CPU
		{5AAB1B42-C57F-4440-94B4-EEC78250C70D}.Release|Any CPU.ActiveCfg = Release|Any CPU
		{5AAB1B42-C57F-4440-94B4-EEC78250C70D}.Release|Any CPU.Build.0 = Release|Any CPU
	EndGlobalSection
	GlobalSection(SolutionProperties) = preSolution
		HideSolutionNode = FALSE
	EndGlobalSection
	GlobalSection(ExtensibilityGlobals) = postSolution
		SolutionGuid = {AB2634FD-9132-4820-B072-18FE5121826E}
	EndGlobalSection
EndGlobal
